// !$*UTF8*$!
{
	archiveVersion = 1;
	classes = {
	};
	objectVersion = 48;
	objects = {

/* Begin PBXBuildFile section */
		0A51005F1FEF778F00C853AC /* SwiftSoup.framework in Frameworks */ = {isa = PBXBuildFile; fileRef = 0A51005A1FEF74C100C853AC /* SwiftSoup.framework */; };
		0A5100611FEFB97300C853AC /* MainView.swift in Sources */ = {isa = PBXBuildFile; fileRef = 0A5100601FEFB97300C853AC /* MainView.swift */; };
		0AAEFB231FF174760005BCDC /* Media.xcassets in Resources */ = {isa = PBXBuildFile; fileRef = 0AAEFB221FF174760005BCDC /* Media.xcassets */; };
		0ADEA1CB1FF0FB5F00638415 /* NotificationCenter.framework in Frameworks */ = {isa = PBXBuildFile; fileRef = 0ADEA1CA1FF0FB5F00638415 /* NotificationCenter.framework */; };
		0ADEA1CE1FF0FB5F00638415 /* TodayViewController.swift in Sources */ = {isa = PBXBuildFile; fileRef = 0ADEA1CD1FF0FB5F00638415 /* TodayViewController.swift */; };
		0ADEA1D11FF0FB5F00638415 /* MainInterface.storyboard in Resources */ = {isa = PBXBuildFile; fileRef = 0ADEA1CF1FF0FB5F00638415 /* MainInterface.storyboard */; };
		0ADEA1D51FF0FB5F00638415 /* AQI Widget.appex in Embed App Extensions */ = {isa = PBXBuildFile; fileRef = 0ADEA1C91FF0FB5F00638415 /* AQI Widget.appex */; settings = {ATTRIBUTES = (RemoveHeadersOnCopy, ); }; };
		0ADEA1E11FF10EA600638415 /* SwiftSoup.framework in Frameworks */ = {isa = PBXBuildFile; fileRef = 0A51005A1FEF74C100C853AC /* SwiftSoup.framework */; };
		0AE4A2A81FEF6773000532EB /* AppDelegate.swift in Sources */ = {isa = PBXBuildFile; fileRef = 0AE4A2A71FEF6773000532EB /* AppDelegate.swift */; };
		0AE4A2AA1FEF6773000532EB /* ViewController.swift in Sources */ = {isa = PBXBuildFile; fileRef = 0AE4A2A91FEF6773000532EB /* ViewController.swift */; };
		0AE4A2AD1FEF6773000532EB /* Main.storyboard in Resources */ = {isa = PBXBuildFile; fileRef = 0AE4A2AB1FEF6773000532EB /* Main.storyboard */; };
		0AE4A2AF1FEF6773000532EB /* Assets.xcassets in Resources */ = {isa = PBXBuildFile; fileRef = 0AE4A2AE1FEF6773000532EB /* Assets.xcassets */; };
		0AE4A2B21FEF6773000532EB /* LaunchScreen.storyboard in Resources */ = {isa = PBXBuildFile; fileRef = 0AE4A2B01FEF6773000532EB /* LaunchScreen.storyboard */; };
		133DE3D46BB492E7150E3848 /* Pods_Hanoi_Healthy.framework in Frameworks */ = {isa = PBXBuildFile; fileRef = E58128A305912F71C850F902 /* Pods_Hanoi_Healthy.framework */; };
		387B7DF48C29B84F2A60BC9D /* Pods_AQI_Widget.framework in Frameworks */ = {isa = PBXBuildFile; fileRef = 3B92A8928D9CD2CC100AC128 /* Pods_AQI_Widget.framework */; };
		5D60906DB5A2AC45B8A79227 /* Pods_Hanoi_Healthy.framework in Frameworks */ = {isa = PBXBuildFile; fileRef = E58128A305912F71C850F902 /* Pods_Hanoi_Healthy.framework */; };
/* End PBXBuildFile section */

/* Begin PBXContainerItemProxy section */
		0ADEA1D31FF0FB5F00638415 /* PBXContainerItemProxy */ = {
			isa = PBXContainerItemProxy;
			containerPortal = 0AE4A29C1FEF6772000532EB /* Project object */;
			proxyType = 1;
			remoteGlobalIDString = 0ADEA1C81FF0FB5F00638415;
			remoteInfo = "AQI Widget";
		};
/* End PBXContainerItemProxy section */

/* Begin PBXCopyFilesBuildPhase section */
		0ADEA1D91FF0FB5F00638415 /* Embed App Extensions */ = {
			isa = PBXCopyFilesBuildPhase;
			buildActionMask = 2147483647;
			dstPath = "";
			dstSubfolderSpec = 13;
			files = (
				0ADEA1D51FF0FB5F00638415 /* AQI Widget.appex in Embed App Extensions */,
			);
			name = "Embed App Extensions";
			runOnlyForDeploymentPostprocessing = 0;
		};
/* End PBXCopyFilesBuildPhase section */

/* Begin PBXFileReference section */
		0A51005A1FEF74C100C853AC /* SwiftSoup.framework */ = {isa = PBXFileReference; lastKnownFileType = wrapper.framework; name = SwiftSoup.framework; path = "../../../../Library/Developer/Xcode/DerivedData/Hanoi_Healthy-etaaxuvnooulyoaidtfilnjrtjnp/Build/Products/Debug-iphoneos/SwiftSoup/SwiftSoup.framework"; sourceTree = "<group>"; };
		0A5100601FEFB97300C853AC /* MainView.swift */ = {isa = PBXFileReference; lastKnownFileType = sourcecode.swift; path = MainView.swift; sourceTree = "<group>"; };
		0AAEFB221FF174760005BCDC /* Media.xcassets */ = {isa = PBXFileReference; lastKnownFileType = folder.assetcatalog; path = Media.xcassets; sourceTree = "<group>"; };
		0ADEA1C91FF0FB5F00638415 /* AQI Widget.appex */ = {isa = PBXFileReference; explicitFileType = "wrapper.app-extension"; includeInIndex = 0; path = "AQI Widget.appex"; sourceTree = BUILT_PRODUCTS_DIR; };
		0ADEA1CA1FF0FB5F00638415 /* NotificationCenter.framework */ = {isa = PBXFileReference; lastKnownFileType = wrapper.framework; name = NotificationCenter.framework; path = System/Library/Frameworks/NotificationCenter.framework; sourceTree = SDKROOT; };
		0ADEA1CD1FF0FB5F00638415 /* TodayViewController.swift */ = {isa = PBXFileReference; lastKnownFileType = sourcecode.swift; path = TodayViewController.swift; sourceTree = "<group>"; };
		0ADEA1D01FF0FB5F00638415 /* Base */ = {isa = PBXFileReference; lastKnownFileType = file.storyboard; name = Base; path = Base.lproj/MainInterface.storyboard; sourceTree = "<group>"; };
		0ADEA1D21FF0FB5F00638415 /* Info.plist */ = {isa = PBXFileReference; lastKnownFileType = text.plist.xml; path = Info.plist; sourceTree = "<group>"; };
		0AE4A2A41FEF6772000532EB /* Hanoi Healthy.app */ = {isa = PBXFileReference; explicitFileType = wrapper.application; includeInIndex = 0; path = "Hanoi Healthy.app"; sourceTree = BUILT_PRODUCTS_DIR; };
		0AE4A2A71FEF6773000532EB /* AppDelegate.swift */ = {isa = PBXFileReference; lastKnownFileType = sourcecode.swift; path = AppDelegate.swift; sourceTree = "<group>"; };
		0AE4A2A91FEF6773000532EB /* ViewController.swift */ = {isa = PBXFileReference; lastKnownFileType = sourcecode.swift; path = ViewController.swift; sourceTree = "<group>"; };
		0AE4A2AC1FEF6773000532EB /* Base */ = {isa = PBXFileReference; lastKnownFileType = file.storyboard; name = Base; path = Base.lproj/Main.storyboard; sourceTree = "<group>"; };
		0AE4A2AE1FEF6773000532EB /* Assets.xcassets */ = {isa = PBXFileReference; lastKnownFileType = folder.assetcatalog; path = Assets.xcassets; sourceTree = "<group>"; };
		0AE4A2B11FEF6773000532EB /* Base */ = {isa = PBXFileReference; lastKnownFileType = file.storyboard; name = Base; path = Base.lproj/LaunchScreen.storyboard; sourceTree = "<group>"; };
		0AE4A2B31FEF6773000532EB /* Info.plist */ = {isa = PBXFileReference; lastKnownFileType = text.plist.xml; path = Info.plist; sourceTree = "<group>"; };
		211359CBE7B1C9C8F69E2B0A /* Pods-Hanoi Healthy.debug.xcconfig */ = {isa = PBXFileReference; includeInIndex = 1; lastKnownFileType = text.xcconfig; name = "Pods-Hanoi Healthy.debug.xcconfig"; path = "Pods/Target Support Files/Pods-Hanoi Healthy/Pods-Hanoi Healthy.debug.xcconfig"; sourceTree = "<group>"; };
		3B92A8928D9CD2CC100AC128 /* Pods_AQI_Widget.framework */ = {isa = PBXFileReference; explicitFileType = wrapper.framework; includeInIndex = 0; path = Pods_AQI_Widget.framework; sourceTree = BUILT_PRODUCTS_DIR; };
		B08E0A2ABB245F11D2A943AA /* Pods-AQI Widget.release.xcconfig */ = {isa = PBXFileReference; includeInIndex = 1; lastKnownFileType = text.xcconfig; name = "Pods-AQI Widget.release.xcconfig"; path = "Pods/Target Support Files/Pods-AQI Widget/Pods-AQI Widget.release.xcconfig"; sourceTree = "<group>"; };
		D20D7CD2115E4DEA65D52DA1 /* Pods-AQI Widget.debug.xcconfig */ = {isa = PBXFileReference; includeInIndex = 1; lastKnownFileType = text.xcconfig; name = "Pods-AQI Widget.debug.xcconfig"; path = "Pods/Target Support Files/Pods-AQI Widget/Pods-AQI Widget.debug.xcconfig"; sourceTree = "<group>"; };
		DAE60F06FCCFB83214F4532A /* Pods-Hanoi Healthy.release.xcconfig */ = {isa = PBXFileReference; includeInIndex = 1; lastKnownFileType = text.xcconfig; name = "Pods-Hanoi Healthy.release.xcconfig"; path = "Pods/Target Support Files/Pods-Hanoi Healthy/Pods-Hanoi Healthy.release.xcconfig"; sourceTree = "<group>"; };
		E58128A305912F71C850F902 /* Pods_Hanoi_Healthy.framework */ = {isa = PBXFileReference; explicitFileType = wrapper.framework; includeInIndex = 0; path = Pods_Hanoi_Healthy.framework; sourceTree = BUILT_PRODUCTS_DIR; };
/* End PBXFileReference section */

/* Begin PBXFrameworksBuildPhase section */
		0ADEA1C61FF0FB5F00638415 /* Frameworks */ = {
			isa = PBXFrameworksBuildPhase;
			buildActionMask = 2147483647;
			files = (
				0ADEA1E11FF10EA600638415 /* SwiftSoup.framework in Frameworks */,
				0ADEA1CB1FF0FB5F00638415 /* NotificationCenter.framework in Frameworks */,
				387B7DF48C29B84F2A60BC9D /* Pods_AQI_Widget.framework in Frameworks */,
			);
			runOnlyForDeploymentPostprocessing = 0;
		};
		0AE4A2A11FEF6772000532EB /* Frameworks */ = {
			isa = PBXFrameworksBuildPhase;
			buildActionMask = 2147483647;
			files = (
				0A51005F1FEF778F00C853AC /* SwiftSoup.framework in Frameworks */,
				133DE3D46BB492E7150E3848 /* Pods_Hanoi_Healthy.framework in Frameworks */,
				5D60906DB5A2AC45B8A79227 /* Pods_Hanoi_Healthy.framework in Frameworks */,
			);
			runOnlyForDeploymentPostprocessing = 0;
		};
/* End PBXFrameworksBuildPhase section */

/* Begin PBXGroup section */
		0ADEA1CC1FF0FB5F00638415 /* AQI Widget */ = {
			isa = PBXGroup;
			children = (
				0ADEA1CD1FF0FB5F00638415 /* TodayViewController.swift */,
				0ADEA1CF1FF0FB5F00638415 /* MainInterface.storyboard */,
				0ADEA1D21FF0FB5F00638415 /* Info.plist */,
				0AAEFB221FF174760005BCDC /* Media.xcassets */,
			);
			path = "AQI Widget";
			sourceTree = "<group>";
		};
		0AE4A29B1FEF6772000532EB = {
			isa = PBXGroup;
			children = (
				0AE4A2A61FEF6772000532EB /* Hanoi Healthy */,
				0ADEA1CC1FF0FB5F00638415 /* AQI Widget */,
				0AE4A2A51FEF6772000532EB /* Products */,
				6C138F56AAF01251EF684853 /* Pods */,
				6BE2DB326EE7DD7B44053E59 /* Frameworks */,
			);
			sourceTree = "<group>";
		};
		0AE4A2A51FEF6772000532EB /* Products */ = {
			isa = PBXGroup;
			children = (
				0AE4A2A41FEF6772000532EB /* Hanoi Healthy.app */,
				0ADEA1C91FF0FB5F00638415 /* AQI Widget.appex */,
			);
			name = Products;
			sourceTree = "<group>";
		};
		0AE4A2A61FEF6772000532EB /* Hanoi Healthy */ = {
			isa = PBXGroup;
			children = (
				0AE4A2A71FEF6773000532EB /* AppDelegate.swift */,
				0AE4A2A91FEF6773000532EB /* ViewController.swift */,
				0AE4A2AB1FEF6773000532EB /* Main.storyboard */,
				0AE4A2AE1FEF6773000532EB /* Assets.xcassets */,
				0AE4A2B01FEF6773000532EB /* LaunchScreen.storyboard */,
				0AE4A2B31FEF6773000532EB /* Info.plist */,
				0A5100601FEFB97300C853AC /* MainView.swift */,
			);
			path = "Hanoi Healthy";
			sourceTree = "<group>";
		};
		6BE2DB326EE7DD7B44053E59 /* Frameworks */ = {
			isa = PBXGroup;
			children = (
				0A51005A1FEF74C100C853AC /* SwiftSoup.framework */,
				E58128A305912F71C850F902 /* Pods_Hanoi_Healthy.framework */,
				0ADEA1CA1FF0FB5F00638415 /* NotificationCenter.framework */,
				3B92A8928D9CD2CC100AC128 /* Pods_AQI_Widget.framework */,
			);
			name = Frameworks;
			sourceTree = "<group>";
		};
		6C138F56AAF01251EF684853 /* Pods */ = {
			isa = PBXGroup;
			children = (
				211359CBE7B1C9C8F69E2B0A /* Pods-Hanoi Healthy.debug.xcconfig */,
				DAE60F06FCCFB83214F4532A /* Pods-Hanoi Healthy.release.xcconfig */,
				D20D7CD2115E4DEA65D52DA1 /* Pods-AQI Widget.debug.xcconfig */,
				B08E0A2ABB245F11D2A943AA /* Pods-AQI Widget.release.xcconfig */,
			);
			name = Pods;
			sourceTree = "<group>";
		};
/* End PBXGroup section */

/* Begin PBXNativeTarget section */
		0ADEA1C81FF0FB5F00638415 /* AQI Widget */ = {
			isa = PBXNativeTarget;
			buildConfigurationList = 0ADEA1D81FF0FB5F00638415 /* Build configuration list for PBXNativeTarget "AQI Widget" */;
			buildPhases = (
				138C85C9333DB9A4E702D491 /* [CP] Check Pods Manifest.lock */,
				0ADEA1C51FF0FB5F00638415 /* Sources */,
				0ADEA1C61FF0FB5F00638415 /* Frameworks */,
				0ADEA1C71FF0FB5F00638415 /* Resources */,
				D8FD0EDDED76EAE65FABF2F5 /* [CP] Copy Pods Resources */,
			);
			buildRules = (
			);
			dependencies = (
			);
			name = "AQI Widget";
			productName = "AQI Widget";
			productReference = 0ADEA1C91FF0FB5F00638415 /* AQI Widget.appex */;
			productType = "com.apple.product-type.app-extension";
		};
		0AE4A2A31FEF6772000532EB /* Hanoi Healthy */ = {
			isa = PBXNativeTarget;
			buildConfigurationList = 0AE4A2B61FEF6773000532EB /* Build configuration list for PBXNativeTarget "Hanoi Healthy" */;
			buildPhases = (
				1265CC0F89A3DF321733DDAC /* [CP] Check Pods Manifest.lock */,
				0AE4A2A01FEF6772000532EB /* Sources */,
				0AE4A2A11FEF6772000532EB /* Frameworks */,
				0AE4A2A21FEF6772000532EB /* Resources */,
				226E85CE252B96F0AD2BDC84 /* [CP] Embed Pods Frameworks */,
				40CA51B368B10C0DF891398D /* [CP] Copy Pods Resources */,
				0ADEA1D91FF0FB5F00638415 /* Embed App Extensions */,
			);
			buildRules = (
			);
			dependencies = (
				0ADEA1D41FF0FB5F00638415 /* PBXTargetDependency */,
			);
			name = "Hanoi Healthy";
			productName = "Hanoi Healthy";
			productReference = 0AE4A2A41FEF6772000532EB /* Hanoi Healthy.app */;
			productType = "com.apple.product-type.application";
		};
/* End PBXNativeTarget section */

/* Begin PBXProject section */
		0AE4A29C1FEF6772000532EB /* Project object */ = {
			isa = PBXProject;
			attributes = {
				LastSwiftUpdateCheck = 0900;
				LastUpgradeCheck = 0900;
				ORGANIZATIONNAME = "hung le";
				TargetAttributes = {
					0ADEA1C81FF0FB5F00638415 = {
						CreatedOnToolsVersion = 9.0.1;
						ProvisioningStyle = Automatic;
					};
					0AE4A2A31FEF6772000532EB = {
						CreatedOnToolsVersion = 9.0.1;
						ProvisioningStyle = Automatic;
					};
				};
			};
			buildConfigurationList = 0AE4A29F1FEF6772000532EB /* Build configuration list for PBXProject "Hanoi Healthy" */;
			compatibilityVersion = "Xcode 8.0";
			developmentRegion = en;
			hasScannedForEncodings = 0;
			knownRegions = (
				en,
				Base,
			);
			mainGroup = 0AE4A29B1FEF6772000532EB;
			productRefGroup = 0AE4A2A51FEF6772000532EB /* Products */;
			projectDirPath = "";
			projectRoot = "";
			targets = (
				0AE4A2A31FEF6772000532EB /* Hanoi Healthy */,
				0ADEA1C81FF0FB5F00638415 /* AQI Widget */,
			);
		};
/* End PBXProject section */

/* Begin PBXResourcesBuildPhase section */
		0ADEA1C71FF0FB5F00638415 /* Resources */ = {
			isa = PBXResourcesBuildPhase;
			buildActionMask = 2147483647;
			files = (
				0AAEFB231FF174760005BCDC /* Media.xcassets in Resources */,
				0ADEA1D11FF0FB5F00638415 /* MainInterface.storyboard in Resources */,
			);
			runOnlyForDeploymentPostprocessing = 0;
		};
		0AE4A2A21FEF6772000532EB /* Resources */ = {
			isa = PBXResourcesBuildPhase;
			buildActionMask = 2147483647;
			files = (
				0AE4A2B21FEF6773000532EB /* LaunchScreen.storyboard in Resources */,
				0AE4A2AF1FEF6773000532EB /* Assets.xcassets in Resources */,
				0AE4A2AD1FEF6773000532EB /* Main.storyboard in Resources */,
			);
			runOnlyForDeploymentPostprocessing = 0;
		};
/* End PBXResourcesBuildPhase section */

/* Begin PBXShellScriptBuildPhase section */
		1265CC0F89A3DF321733DDAC /* [CP] Check Pods Manifest.lock */ = {
			isa = PBXShellScriptBuildPhase;
			buildActionMask = 2147483647;
			files = (
			);
			inputPaths = (
				"${PODS_PODFILE_DIR_PATH}/Podfile.lock",
				"${PODS_ROOT}/Manifest.lock",
			);
			name = "[CP] Check Pods Manifest.lock";
			outputPaths = (
				"$(DERIVED_FILE_DIR)/Pods-Hanoi Healthy-checkManifestLockResult.txt",
			);
			runOnlyForDeploymentPostprocessing = 0;
			shellPath = /bin/sh;
			shellScript = "diff \"${PODS_PODFILE_DIR_PATH}/Podfile.lock\" \"${PODS_ROOT}/Manifest.lock\" > /dev/null\nif [ $? != 0 ] ; then\n    # print error to STDERR\n    echo \"error: The sandbox is not in sync with the Podfile.lock. Run 'pod install' or update your CocoaPods installation.\" >&2\n    exit 1\nfi\n# This output is used by Xcode 'outputs' to avoid re-running this script phase.\necho \"SUCCESS\" > \"${SCRIPT_OUTPUT_FILE_0}\"\n";
			showEnvVarsInLog = 0;
		};
		138C85C9333DB9A4E702D491 /* [CP] Check Pods Manifest.lock */ = {
			isa = PBXShellScriptBuildPhase;
			buildActionMask = 2147483647;
			files = (
			);
			inputPaths = (
				"${PODS_PODFILE_DIR_PATH}/Podfile.lock",
				"${PODS_ROOT}/Manifest.lock",
			);
			name = "[CP] Check Pods Manifest.lock";
			outputPaths = (
				"$(DERIVED_FILE_DIR)/Pods-AQI Widget-checkManifestLockResult.txt",
			);
			runOnlyForDeploymentPostprocessing = 0;
			shellPath = /bin/sh;
			shellScript = "diff \"${PODS_PODFILE_DIR_PATH}/Podfile.lock\" \"${PODS_ROOT}/Manifest.lock\" > /dev/null\nif [ $? != 0 ] ; then\n    # print error to STDERR\n    echo \"error: The sandbox is not in sync with the Podfile.lock. Run 'pod install' or update your CocoaPods installation.\" >&2\n    exit 1\nfi\n# This output is used by Xcode 'outputs' to avoid re-running this script phase.\necho \"SUCCESS\" > \"${SCRIPT_OUTPUT_FILE_0}\"\n";
			showEnvVarsInLog = 0;
		};
		226E85CE252B96F0AD2BDC84 /* [CP] Embed Pods Frameworks */ = {
			isa = PBXShellScriptBuildPhase;
			buildActionMask = 2147483647;
			files = (
			);
			inputPaths = (
				"${SRCROOT}/Pods/Target Support Files/Pods-Hanoi Healthy/Pods-Hanoi Healthy-frameworks.sh",
				"${BUILT_PRODUCTS_DIR}/SwiftSoup/SwiftSoup.framework",
			);
			name = "[CP] Embed Pods Frameworks";
			outputPaths = (
				"${TARGET_BUILD_DIR}/${FRAMEWORKS_FOLDER_PATH}/SwiftSoup.framework",
			);
			runOnlyForDeploymentPostprocessing = 0;
			shellPath = /bin/sh;
			shellScript = "\"${SRCROOT}/Pods/Target Support Files/Pods-Hanoi Healthy/Pods-Hanoi Healthy-frameworks.sh\"\n";
			showEnvVarsInLog = 0;
		};
		40CA51B368B10C0DF891398D /* [CP] Copy Pods Resources */ = {
			isa = PBXShellScriptBuildPhase;
			buildActionMask = 2147483647;
			files = (
			);
			inputPaths = (
			);
			name = "[CP] Copy Pods Resources";
			outputPaths = (
			);
			runOnlyForDeploymentPostprocessing = 0;
			shellPath = /bin/sh;
			shellScript = "\"${SRCROOT}/Pods/Target Support Files/Pods-Hanoi Healthy/Pods-Hanoi Healthy-resources.sh\"\n";
			showEnvVarsInLog = 0;
		};
		D8FD0EDDED76EAE65FABF2F5 /* [CP] Copy Pods Resources */ = {
			isa = PBXShellScriptBuildPhase;
			buildActionMask = 2147483647;
			files = (
			);
			inputPaths = (
			);
			name = "[CP] Copy Pods Resources";
			outputPaths = (
			);
			runOnlyForDeploymentPostprocessing = 0;
			shellPath = /bin/sh;
			shellScript = "\"${SRCROOT}/Pods/Target Support Files/Pods-AQI Widget/Pods-AQI Widget-resources.sh\"\n";
			showEnvVarsInLog = 0;
		};
/* End PBXShellScriptBuildPhase section */

/* Begin PBXSourcesBuildPhase section */
		0ADEA1C51FF0FB5F00638415 /* Sources */ = {
			isa = PBXSourcesBuildPhase;
			buildActionMask = 2147483647;
			files = (
				0ADEA1CE1FF0FB5F00638415 /* TodayViewController.swift in Sources */,
			);
			runOnlyForDeploymentPostprocessing = 0;
		};
		0AE4A2A01FEF6772000532EB /* Sources */ = {
			isa = PBXSourcesBuildPhase;
			buildActionMask = 2147483647;
			files = (
				0AE4A2AA1FEF6773000532EB /* ViewController.swift in Sources */,
				0A5100611FEFB97300C853AC /* MainView.swift in Sources */,
				0AE4A2A81FEF6773000532EB /* AppDelegate.swift in Sources */,
			);
			runOnlyForDeploymentPostprocessing = 0;
		};
/* End PBXSourcesBuildPhase section */

/* Begin PBXTargetDependency section */
		0ADEA1D41FF0FB5F00638415 /* PBXTargetDependency */ = {
			isa = PBXTargetDependency;
			target = 0ADEA1C81FF0FB5F00638415 /* AQI Widget */;
			targetProxy = 0ADEA1D31FF0FB5F00638415 /* PBXContainerItemProxy */;
		};
/* End PBXTargetDependency section */

/* Begin PBXVariantGroup section */
		0ADEA1CF1FF0FB5F00638415 /* MainInterface.storyboard */ = {
			isa = PBXVariantGroup;
			children = (
				0ADEA1D01FF0FB5F00638415 /* Base */,
			);
			name = MainInterface.storyboard;
			sourceTree = "<group>";
		};
		0AE4A2AB1FEF6773000532EB /* Main.storyboard */ = {
			isa = PBXVariantGroup;
			children = (
				0AE4A2AC1FEF6773000532EB /* Base */,
			);
			name = Main.storyboard;
			sourceTree = "<group>";
		};
		0AE4A2B01FEF6773000532EB /* LaunchScreen.storyboard */ = {
			isa = PBXVariantGroup;
			children = (
				0AE4A2B11FEF6773000532EB /* Base */,
			);
			name = LaunchScreen.storyboard;
			sourceTree = "<group>";
		};
/* End PBXVariantGroup section */

/* Begin XCBuildConfiguration section */
		0ADEA1D61FF0FB5F00638415 /* Debug */ = {
			isa = XCBuildConfiguration;
			baseConfigurationReference = D20D7CD2115E4DEA65D52DA1 /* Pods-AQI Widget.debug.xcconfig */;
			buildSettings = {
				CODE_SIGN_STYLE = Automatic;
				DEVELOPMENT_TEAM = HQ7Z5U725W;
				INFOPLIST_FILE = "AQI Widget/Info.plist";
				IPHONEOS_DEPLOYMENT_TARGET = 10.3;
				LD_RUNPATH_SEARCH_PATHS = "$(inherited) @executable_path/Frameworks @executable_path/../../Frameworks";
				OTHER_LDFLAGS = "";
				PRODUCT_BUNDLE_IDENTIFIER = "com.math.Hanoi-Healthy.AQI-Widget";
				PRODUCT_NAME = "$(TARGET_NAME)";
				SKIP_INSTALL = YES;
				SWIFT_VERSION = 4.0;
				TARGETED_DEVICE_FAMILY = "1,2";
			};
			name = Debug;
		};
		0ADEA1D71FF0FB5F00638415 /* Release */ = {
			isa = XCBuildConfiguration;
			baseConfigurationReference = B08E0A2ABB245F11D2A943AA /* Pods-AQI Widget.release.xcconfig */;
			buildSettings = {
				CODE_SIGN_STYLE = Automatic;
				DEVELOPMENT_TEAM = HQ7Z5U725W;
				INFOPLIST_FILE = "AQI Widget/Info.plist";
				IPHONEOS_DEPLOYMENT_TARGET = 10.3;
				LD_RUNPATH_SEARCH_PATHS = "$(inherited) @executable_path/Frameworks @executable_path/../../Frameworks";
				OTHER_LDFLAGS = "";
				PRODUCT_BUNDLE_IDENTIFIER = "com.math.Hanoi-Healthy.AQI-Widget";
				PRODUCT_NAME = "$(TARGET_NAME)";
				SKIP_INSTALL = YES;
				SWIFT_VERSION = 4.0;
				TARGETED_DEVICE_FAMILY = "1,2";
			};
			name = Release;
		};
		0AE4A2B41FEF6773000532EB /* Debug */ = {
			isa = XCBuildConfiguration;
			buildSettings = {
				ALWAYS_SEARCH_USER_PATHS = NO;
				CLANG_ANALYZER_NONNULL = YES;
				CLANG_ANALYZER_NUMBER_OBJECT_CONVERSION = YES_AGGRESSIVE;
				CLANG_CXX_LANGUAGE_STANDARD = "gnu++14";
				CLANG_CXX_LIBRARY = "libc++";
				CLANG_ENABLE_MODULES = YES;
				CLANG_ENABLE_OBJC_ARC = YES;
				CLANG_WARN_BLOCK_CAPTURE_AUTORELEASING = YES;
				CLANG_WARN_BOOL_CONVERSION = YES;
				CLANG_WARN_COMMA = YES;
				CLANG_WARN_CONSTANT_CONVERSION = YES;
				CLANG_WARN_DIRECT_OBJC_ISA_USAGE = YES_ERROR;
				CLANG_WARN_DOCUMENTATION_COMMENTS = YES;
				CLANG_WARN_EMPTY_BODY = YES;
				CLANG_WARN_ENUM_CONVERSION = YES;
				CLANG_WARN_INFINITE_RECURSION = YES;
				CLANG_WARN_INT_CONVERSION = YES;
				CLANG_WARN_NON_LITERAL_NULL_CONVERSION = YES;
				CLANG_WARN_OBJC_LITERAL_CONVERSION = YES;
				CLANG_WARN_OBJC_ROOT_CLASS = YES_ERROR;
				CLANG_WARN_RANGE_LOOP_ANALYSIS = YES;
				CLANG_WARN_STRICT_PROTOTYPES = YES;
				CLANG_WARN_SUSPICIOUS_MOVE = YES;
				CLANG_WARN_UNGUARDED_AVAILABILITY = YES_AGGRESSIVE;
				CLANG_WARN_UNREACHABLE_CODE = YES;
				CLANG_WARN__DUPLICATE_METHOD_MATCH = YES;
				CODE_SIGN_IDENTITY = "iPhone Developer";
				COPY_PHASE_STRIP = NO;
				DEBUG_INFORMATION_FORMAT = dwarf;
				ENABLE_STRICT_OBJC_MSGSEND = YES;
				ENABLE_TESTABILITY = YES;
				GCC_C_LANGUAGE_STANDARD = gnu11;
				GCC_DYNAMIC_NO_PIC = NO;
				GCC_NO_COMMON_BLOCKS = YES;
				GCC_OPTIMIZATION_LEVEL = 0;
				GCC_PREPROCESSOR_DEFINITIONS = (
					"DEBUG=1",
					"$(inherited)",
				);
				GCC_WARN_64_TO_32_BIT_CONVERSION = YES;
				GCC_WARN_ABOUT_RETURN_TYPE = YES_ERROR;
				GCC_WARN_UNDECLARED_SELECTOR = YES;
				GCC_WARN_UNINITIALIZED_AUTOS = YES_AGGRESSIVE;
				GCC_WARN_UNUSED_FUNCTION = YES;
				GCC_WARN_UNUSED_VARIABLE = YES;
				IPHONEOS_DEPLOYMENT_TARGET = 10.3;
				MTL_ENABLE_DEBUG_INFO = YES;
				ONLY_ACTIVE_ARCH = YES;
				SDKROOT = iphoneos;
				SWIFT_ACTIVE_COMPILATION_CONDITIONS = DEBUG;
				SWIFT_OPTIMIZATION_LEVEL = "-Onone";
			};
			name = Debug;
		};
		0AE4A2B51FEF6773000532EB /* Release */ = {
			isa = XCBuildConfiguration;
			buildSettings = {
				ALWAYS_SEARCH_USER_PATHS = NO;
				CLANG_ANALYZER_NONNULL = YES;
				CLANG_ANALYZER_NUMBER_OBJECT_CONVERSION = YES_AGGRESSIVE;
				CLANG_CXX_LANGUAGE_STANDARD = "gnu++14";
				CLANG_CXX_LIBRARY = "libc++";
				CLANG_ENABLE_MODULES = YES;
				CLANG_ENABLE_OBJC_ARC = YES;
				CLANG_WARN_BLOCK_CAPTURE_AUTORELEASING = YES;
				CLANG_WARN_BOOL_CONVERSION = YES;
				CLANG_WARN_COMMA = YES;
				CLANG_WARN_CONSTANT_CONVERSION = YES;
				CLANG_WARN_DIRECT_OBJC_ISA_USAGE = YES_ERROR;
				CLANG_WARN_DOCUMENTATION_COMMENTS = YES;
				CLANG_WARN_EMPTY_BODY = YES;
				CLANG_WARN_ENUM_CONVERSION = YES;
				CLANG_WARN_INFINITE_RECURSION = YES;
				CLANG_WARN_INT_CONVERSION = YES;
				CLANG_WARN_NON_LITERAL_NULL_CONVERSION = YES;
				CLANG_WARN_OBJC_LITERAL_CONVERSION = YES;
				CLANG_WARN_OBJC_ROOT_CLASS = YES_ERROR;
				CLANG_WARN_RANGE_LOOP_ANALYSIS = YES;
				CLANG_WARN_STRICT_PROTOTYPES = YES;
				CLANG_WARN_SUSPICIOUS_MOVE = YES;
				CLANG_WARN_UNGUARDED_AVAILABILITY = YES_AGGRESSIVE;
				CLANG_WARN_UNREACHABLE_CODE = YES;
				CLANG_WARN__DUPLICATE_METHOD_MATCH = YES;
				CODE_SIGN_IDENTITY = "iPhone Developer";
				COPY_PHASE_STRIP = NO;
				DEBUG_INFORMATION_FORMAT = "dwarf-with-dsym";
				ENABLE_NS_ASSERTIONS = NO;
				ENABLE_STRICT_OBJC_MSGSEND = YES;
				GCC_C_LANGUAGE_STANDARD = gnu11;
				GCC_NO_COMMON_BLOCKS = YES;
				GCC_WARN_64_TO_32_BIT_CONVERSION = YES;
				GCC_WARN_ABOUT_RETURN_TYPE = YES_ERROR;
				GCC_WARN_UNDECLARED_SELECTOR = YES;
				GCC_WARN_UNINITIALIZED_AUTOS = YES_AGGRESSIVE;
				GCC_WARN_UNUSED_FUNCTION = YES;
				GCC_WARN_UNUSED_VARIABLE = YES;
				IPHONEOS_DEPLOYMENT_TARGET = 10.3;
				MTL_ENABLE_DEBUG_INFO = NO;
				SDKROOT = iphoneos;
				SWIFT_OPTIMIZATION_LEVEL = "-Owholemodule";
				VALIDATE_PRODUCT = YES;
			};
			name = Release;
		};
		0AE4A2B71FEF6773000532EB /* Debug */ = {
			isa = XCBuildConfiguration;
			baseConfigurationReference = 211359CBE7B1C9C8F69E2B0A /* Pods-Hanoi Healthy.debug.xcconfig */;
			buildSettings = {
				ALWAYS_EMBED_SWIFT_STANDARD_LIBRARIES = YES;
				ASSETCATALOG_COMPILER_APPICON_NAME = AppIcon;
				CODE_SIGN_STYLE = Automatic;
				DEVELOPMENT_TEAM = HQ7Z5U725W;
				FRAMEWORK_SEARCH_PATHS = (
					"$(inherited)",
					"$(PROJECT_DIR)",
				);
				HEADER_SEARCH_PATHS = "";
				INFOPLIST_FILE = "Hanoi Healthy/Info.plist";
				IPHONEOS_DEPLOYMENT_TARGET = 10.3;
				LD_RUNPATH_SEARCH_PATHS = "$(inherited) @executable_path/Frameworks";
				PRODUCT_BUNDLE_IDENTIFIER = "com.math.Hanoi-Healthy";
				PRODUCT_NAME = "$(TARGET_NAME)";
				SWIFT_VERSION = 4.0;
				TARGETED_DEVICE_FAMILY = "1,2";
			};
			name = Debug;
		};
		0AE4A2B81FEF6773000532EB /* Release */ = {
			isa = XCBuildConfiguration;
			baseConfigurationReference = DAE60F06FCCFB83214F4532A /* Pods-Hanoi Healthy.release.xcconfig */;
			buildSettings = {
				ALWAYS_EMBED_SWIFT_STANDARD_LIBRARIES = YES;
				ASSETCATALOG_COMPILER_APPICON_NAME = AppIcon;
				CODE_SIGN_STYLE = Automatic;
				DEVELOPMENT_TEAM = HQ7Z5U725W;
				FRAMEWORK_SEARCH_PATHS = (
					"$(inherited)",
					"$(PROJECT_DIR)",
				);
				HEADER_SEARCH_PATHS = "";
				INFOPLIST_FILE = "Hanoi Healthy/Info.plist";
				IPHONEOS_DEPLOYMENT_TARGET = 10.3;
				LD_RUNPATH_SEARCH_PATHS = "$(inherited) @executable_path/Frameworks";
				PRODUCT_BUNDLE_IDENTIFIER = "com.math.Hanoi-Healthy";
				PRODUCT_NAME = "$(TARGET_NAME)";
				SWIFT_VERSION = 4.0;
				TARGETED_DEVICE_FAMILY = "1,2";
			};
			name = Release;
		};
/* End XCBuildConfiguration section */

/* Begin XCConfigurationList section */
		0ADEA1D81FF0FB5F00638415 /* Build configuration list for PBXNativeTarget "AQI Widget" */ = {
			isa = XCConfigurationList;
			buildConfigurations = (
				0ADEA1D61FF0FB5F00638415 /* Debug */,
				0ADEA1D71FF0FB5F00638415 /* Release */,
			);
			defaultConfigurationIsVisible = 0;
			defaultConfigurationName = Release;
		};
		0AE4A29F1FEF6772000532EB /* Build configuration list for PBXProject "Hanoi Healthy" */ = {
			isa = XCConfigurationList;
			buildConfigurations = (
				0AE4A2B41FEF6773000532EB /* Debug */,
				0AE4A2B51FEF6773000532EB /* Release */,
			);
			defaultConfigurationIsVisible = 0;
			defaultConfigurationName = Release;
		};
		0AE4A2B61FEF6773000532EB /* Build configuration list for PBXNativeTarget "Hanoi Healthy" */ = {
			isa = XCConfigurationList;
			buildConfigurations = (
				0AE4A2B71FEF6773000532EB /* Debug */,
				0AE4A2B81FEF6773000532EB /* Release */,
			);
			defaultConfigurationIsVisible = 0;
			defaultConfigurationName = Release;
		};
/* End XCConfigurationList section */
	};
	rootObject = 0AE4A29C1FEF6772000532EB /* Project object */;
}
